// !$*UTF8*$!
{
	archiveVersion = 1;
	classes = {
	};
	objectVersion = 50;
	objects = {

/* Begin PBXBuildFile section */
		3E11E3B1228B8435001599ED /* AppDelegate.swift in Sources */ = {isa = PBXBuildFile; fileRef = 3E11E3B0228B8435001599ED /* AppDelegate.swift */; };
		3E11E3B3228B8435001599ED /* ScreenListViewController.swift in Sources */ = {isa = PBXBuildFile; fileRef = 3E11E3B2228B8435001599ED /* ScreenListViewController.swift */; };
		3E11E3B6228B8435001599ED /* Main.storyboard in Resources */ = {isa = PBXBuildFile; fileRef = 3E11E3B4228B8435001599ED /* Main.storyboard */; };
		3E11E3B8228B8436001599ED /* Assets.xcassets in Resources */ = {isa = PBXBuildFile; fileRef = 3E11E3B7228B8436001599ED /* Assets.xcassets */; };
		3E11E3BB228B8436001599ED /* LaunchScreen.storyboard in Resources */ = {isa = PBXBuildFile; fileRef = 3E11E3B9228B8436001599ED /* LaunchScreen.storyboard */; };
		3E185C682293533800A5FB7E /* UIColor+toHex+initHex.swift in Sources */ = {isa = PBXBuildFile; fileRef = 3E185C672293533800A5FB7E /* UIColor+toHex+initHex.swift */; };
		3E279ACA229472BA000A20E0 /* ScreenDesignViewController.swift in Sources */ = {isa = PBXBuildFile; fileRef = 3E279AC9229472BA000A20E0 /* ScreenDesignViewController.swift */; };
		3E3CF42922949CF300ACD87B /* UITextField+adjustHeight.swift in Sources */ = {isa = PBXBuildFile; fileRef = 3E3CF42822949CF300ACD87B /* UITextField+adjustHeight.swift */; };
		3E3CF42B22949D4900ACD87B /* UIFont+helpers.swift in Sources */ = {isa = PBXBuildFile; fileRef = 3E3CF42A22949D4900ACD87B /* UIFont+helpers.swift */; };
		3E4E3A81229342AE0078DB45 /* UITextField+Characters.swift in Sources */ = {isa = PBXBuildFile; fileRef = 3E4E3A80229342AE0078DB45 /* UITextField+Characters.swift */; };
		3E4E3A83229345D60078DB45 /* UITextField+limitLength.swift in Sources */ = {isa = PBXBuildFile; fileRef = 3E4E3A82229345D60078DB45 /* UITextField+limitLength.swift */; };
		3E89CC7D228B86D40067B0F0 /* GoogleService-Info.plist in Resources */ = {isa = PBXBuildFile; fileRef = 3E89CC7C228B86D40067B0F0 /* GoogleService-Info.plist */; };
		3E89CC7F228B88550067B0F0 /* Constants.swift in Sources */ = {isa = PBXBuildFile; fileRef = 3E89CC7E228B88550067B0F0 /* Constants.swift */; };
		3E89CC81228B889E0067B0F0 /* Element.swift in Sources */ = {isa = PBXBuildFile; fileRef = 3E89CC80228B889E0067B0F0 /* Element.swift */; };
		3E89CC83228B88CC0067B0F0 /* Elements.swift in Sources */ = {isa = PBXBuildFile; fileRef = 3E89CC82228B88CC0067B0F0 /* Elements.swift */; };
		3E89CC85228B995A0067B0F0 /* HomeTableViewCell.swift in Sources */ = {isa = PBXBuildFile; fileRef = 3E89CC84228B995A0067B0F0 /* HomeTableViewCell.swift */; };
		3E89CC87228B99740067B0F0 /* ButtonTableViewCell.swift in Sources */ = {isa = PBXBuildFile; fileRef = 3E89CC86228B99740067B0F0 /* ButtonTableViewCell.swift */; };
		3E89CC89228B99940067B0F0 /* PageTableViewCell.swift in Sources */ = {isa = PBXBuildFile; fileRef = 3E89CC88228B99940067B0F0 /* PageTableViewCell.swift */; };
		3E89CC8B228B99DA0067B0F0 /* PlusAndDisclosureDelegate.swift in Sources */ = {isa = PBXBuildFile; fileRef = 3E89CC8A228B99DA0067B0F0 /* PlusAndDisclosureDelegate.swift */; };
		3E89CC8D228B9DEB0067B0F0 /* UIImage+toData.swift in Sources */ = {isa = PBXBuildFile; fileRef = 3E89CC8C228B9DEB0067B0F0 /* UIImage+toData.swift */; };
		3E89CC8F228B9F460067B0F0 /* ScreenTableDesignViewController.swift in Sources */ = {isa = PBXBuildFile; fileRef = 3E89CC8E228B9F460067B0F0 /* ScreenTableDesignViewController.swift */; };
		3E89CC91228BA0D90067B0F0 /* UIViewController+DialogsAndAlerts.swift in Sources */ = {isa = PBXBuildFile; fileRef = 3E89CC90228BA0D90067B0F0 /* UIViewController+DialogsAndAlerts.swift */; };
		3E89CC93228C4BCD0067B0F0 /* ScreenDesignCellDelegates.swift in Sources */ = {isa = PBXBuildFile; fileRef = 3E89CC92228C4BCD0067B0F0 /* ScreenDesignCellDelegates.swift */; };
		3E89CC95228C4C660067B0F0 /* ToggleButton.swift in Sources */ = {isa = PBXBuildFile; fileRef = 3E89CC94228C4C660067B0F0 /* ToggleButton.swift */; };
		3E89CC97228C4D210067B0F0 /* AlignmentTableViewCell.swift in Sources */ = {isa = PBXBuildFile; fileRef = 3E89CC96228C4D210067B0F0 /* AlignmentTableViewCell.swift */; };
		3E89CC99228C4D410067B0F0 /* FontTableViewCell.swift in Sources */ = {isa = PBXBuildFile; fileRef = 3E89CC98228C4D410067B0F0 /* FontTableViewCell.swift */; };
		3E89CC9B228C50B50067B0F0 /* SizeTableViewCell.swift in Sources */ = {isa = PBXBuildFile; fileRef = 3E89CC9A228C50B50067B0F0 /* SizeTableViewCell.swift */; };
		3E89CC9D228C50F30067B0F0 /* ColorTableViewCell.swift in Sources */ = {isa = PBXBuildFile; fileRef = 3E89CC9C228C50F30067B0F0 /* ColorTableViewCell.swift */; };
		3E89CC9F228C511A0067B0F0 /* CheckmarkTableViewCell.swift in Sources */ = {isa = PBXBuildFile; fileRef = 3E89CC9E228C511A0067B0F0 /* CheckmarkTableViewCell.swift */; };
		3EA68357228C622900990E61 /* TextBlock.swift in Sources */ = {isa = PBXBuildFile; fileRef = 3EA68356228C622900990E61 /* TextBlock.swift */; };
		3EA68359228C631900990E61 /* FontListViewController.swift in Sources */ = {isa = PBXBuildFile; fileRef = 3EA68358228C631900990E61 /* FontListViewController.swift */; };
		60BE281345AEE43D446A6922 /* Pods_PortKi.framework in Frameworks */ = {isa = PBXBuildFile; fileRef = C4189CD19B3BBB2B4E9220FC /* Pods_PortKi.framework */; };
/* End PBXBuildFile section */

/* Begin PBXFileReference section */
		3E11E3AD228B8435001599ED /* PortKi.app */ = {isa = PBXFileReference; explicitFileType = wrapper.application; includeInIndex = 0; path = PortKi.app; sourceTree = BUILT_PRODUCTS_DIR; };
		3E11E3B0228B8435001599ED /* AppDelegate.swift */ = {isa = PBXFileReference; lastKnownFileType = sourcecode.swift; path = AppDelegate.swift; sourceTree = "<group>"; };
		3E11E3B2228B8435001599ED /* ScreenListViewController.swift */ = {isa = PBXFileReference; lastKnownFileType = sourcecode.swift; path = ScreenListViewController.swift; sourceTree = "<group>"; };
		3E11E3B5228B8435001599ED /* Base */ = {isa = PBXFileReference; lastKnownFileType = file.storyboard; name = Base; path = Base.lproj/Main.storyboard; sourceTree = "<group>"; };
		3E11E3B7228B8436001599ED /* Assets.xcassets */ = {isa = PBXFileReference; lastKnownFileType = folder.assetcatalog; path = Assets.xcassets; sourceTree = "<group>"; };
		3E11E3BA228B8436001599ED /* Base */ = {isa = PBXFileReference; lastKnownFileType = file.storyboard; name = Base; path = Base.lproj/LaunchScreen.storyboard; sourceTree = "<group>"; };
		3E11E3BC228B8436001599ED /* Info.plist */ = {isa = PBXFileReference; lastKnownFileType = text.plist.xml; path = Info.plist; sourceTree = "<group>"; };
		3E185C672293533800A5FB7E /* UIColor+toHex+initHex.swift */ = {isa = PBXFileReference; lastKnownFileType = sourcecode.swift; path = "UIColor+toHex+initHex.swift"; sourceTree = "<group>"; };
		3E279AC9229472BA000A20E0 /* ScreenDesignViewController.swift */ = {isa = PBXFileReference; lastKnownFileType = sourcecode.swift; path = ScreenDesignViewController.swift; sourceTree = "<group>"; };
		3E3CF42822949CF300ACD87B /* UITextField+adjustHeight.swift */ = {isa = PBXFileReference; lastKnownFileType = sourcecode.swift; path = "UITextField+adjustHeight.swift"; sourceTree = "<group>"; };
		3E3CF42A22949D4900ACD87B /* UIFont+helpers.swift */ = {isa = PBXFileReference; lastKnownFileType = sourcecode.swift; path = "UIFont+helpers.swift"; sourceTree = "<group>"; };
		3E4E3A80229342AE0078DB45 /* UITextField+Characters.swift */ = {isa = PBXFileReference; lastKnownFileType = sourcecode.swift; path = "UITextField+Characters.swift"; sourceTree = "<group>"; };
		3E4E3A82229345D60078DB45 /* UITextField+limitLength.swift */ = {isa = PBXFileReference; lastKnownFileType = sourcecode.swift; path = "UITextField+limitLength.swift"; sourceTree = "<group>"; };
		3E89CC7C228B86D40067B0F0 /* GoogleService-Info.plist */ = {isa = PBXFileReference; fileEncoding = 4; lastKnownFileType = text.plist.xml; path = "GoogleService-Info.plist"; sourceTree = SOURCE_ROOT; };
		3E89CC7E228B88550067B0F0 /* Constants.swift */ = {isa = PBXFileReference; lastKnownFileType = sourcecode.swift; path = Constants.swift; sourceTree = "<group>"; };
		3E89CC80228B889E0067B0F0 /* Element.swift */ = {isa = PBXFileReference; lastKnownFileType = sourcecode.swift; path = Element.swift; sourceTree = "<group>"; };
		3E89CC82228B88CC0067B0F0 /* Elements.swift */ = {isa = PBXFileReference; lastKnownFileType = sourcecode.swift; path = Elements.swift; sourceTree = "<group>"; };
		3E89CC84228B995A0067B0F0 /* HomeTableViewCell.swift */ = {isa = PBXFileReference; lastKnownFileType = sourcecode.swift; path = HomeTableViewCell.swift; sourceTree = "<group>"; };
		3E89CC86228B99740067B0F0 /* ButtonTableViewCell.swift */ = {isa = PBXFileReference; lastKnownFileType = sourcecode.swift; path = ButtonTableViewCell.swift; sourceTree = "<group>"; };
		3E89CC88228B99940067B0F0 /* PageTableViewCell.swift */ = {isa = PBXFileReference; lastKnownFileType = sourcecode.swift; path = PageTableViewCell.swift; sourceTree = "<group>"; };
		3E89CC8A228B99DA0067B0F0 /* PlusAndDisclosureDelegate.swift */ = {isa = PBXFileReference; lastKnownFileType = sourcecode.swift; path = PlusAndDisclosureDelegate.swift; sourceTree = "<group>"; };
		3E89CC8C228B9DEB0067B0F0 /* UIImage+toData.swift */ = {isa = PBXFileReference; lastKnownFileType = sourcecode.swift; path = "UIImage+toData.swift"; sourceTree = "<group>"; };
		3E89CC8E228B9F460067B0F0 /* ScreenTableDesignViewController.swift */ = {isa = PBXFileReference; lastKnownFileType = sourcecode.swift; path = ScreenTableDesignViewController.swift; sourceTree = "<group>"; };
		3E89CC90228BA0D90067B0F0 /* UIViewController+DialogsAndAlerts.swift */ = {isa = PBXFileReference; lastKnownFileType = sourcecode.swift; path = "UIViewController+DialogsAndAlerts.swift"; sourceTree = "<group>"; };
		3E89CC92228C4BCD0067B0F0 /* ScreenDesignCellDelegates.swift */ = {isa = PBXFileReference; lastKnownFileType = sourcecode.swift; path = ScreenDesignCellDelegates.swift; sourceTree = "<group>"; };
		3E89CC94228C4C660067B0F0 /* ToggleButton.swift */ = {isa = PBXFileReference; lastKnownFileType = sourcecode.swift; path = ToggleButton.swift; sourceTree = "<group>"; };
		3E89CC96228C4D210067B0F0 /* AlignmentTableViewCell.swift */ = {isa = PBXFileReference; lastKnownFileType = sourcecode.swift; path = AlignmentTableViewCell.swift; sourceTree = "<group>"; };
		3E89CC98228C4D410067B0F0 /* FontTableViewCell.swift */ = {isa = PBXFileReference; lastKnownFileType = sourcecode.swift; path = FontTableViewCell.swift; sourceTree = "<group>"; };
		3E89CC9A228C50B50067B0F0 /* SizeTableViewCell.swift */ = {isa = PBXFileReference; lastKnownFileType = sourcecode.swift; path = SizeTableViewCell.swift; sourceTree = "<group>"; };
		3E89CC9C228C50F30067B0F0 /* ColorTableViewCell.swift */ = {isa = PBXFileReference; lastKnownFileType = sourcecode.swift; path = ColorTableViewCell.swift; sourceTree = "<group>"; };
		3E89CC9E228C511A0067B0F0 /* CheckmarkTableViewCell.swift */ = {isa = PBXFileReference; lastKnownFileType = sourcecode.swift; path = CheckmarkTableViewCell.swift; sourceTree = "<group>"; };
		3EA68356228C622900990E61 /* TextBlock.swift */ = {isa = PBXFileReference; lastKnownFileType = sourcecode.swift; path = TextBlock.swift; sourceTree = "<group>"; };
		3EA68358228C631900990E61 /* FontListViewController.swift */ = {isa = PBXFileReference; lastKnownFileType = sourcecode.swift; path = FontListViewController.swift; sourceTree = "<group>"; };
		5A8498B4B9D682510E672921 /* Pods-PortKi.release.xcconfig */ = {isa = PBXFileReference; includeInIndex = 1; lastKnownFileType = text.xcconfig; name = "Pods-PortKi.release.xcconfig"; path = "Pods/Target Support Files/Pods-PortKi/Pods-PortKi.release.xcconfig"; sourceTree = "<group>"; };
		9040600BCE3DAF2A17503CB2 /* Pods-PortKi.debug.xcconfig */ = {isa = PBXFileReference; includeInIndex = 1; lastKnownFileType = text.xcconfig; name = "Pods-PortKi.debug.xcconfig"; path = "Pods/Target Support Files/Pods-PortKi/Pods-PortKi.debug.xcconfig"; sourceTree = "<group>"; };
		C4189CD19B3BBB2B4E9220FC /* Pods_PortKi.framework */ = {isa = PBXFileReference; explicitFileType = wrapper.framework; includeInIndex = 0; path = Pods_PortKi.framework; sourceTree = BUILT_PRODUCTS_DIR; };
/* End PBXFileReference section */

/* Begin PBXFrameworksBuildPhase section */
		3E11E3AA228B8435001599ED /* Frameworks */ = {
			isa = PBXFrameworksBuildPhase;
			buildActionMask = 2147483647;
			files = (
				60BE281345AEE43D446A6922 /* Pods_PortKi.framework in Frameworks */,
			);
			runOnlyForDeploymentPostprocessing = 0;
		};
/* End PBXFrameworksBuildPhase section */

/* Begin PBXGroup section */
		3C7B6ABE1A3D000DB8D86BCD /* Frameworks */ = {
			isa = PBXGroup;
			children = (
				C4189CD19B3BBB2B4E9220FC /* Pods_PortKi.framework */,
			);
			name = Frameworks;
			sourceTree = "<group>";
		};
		3E11E3A4228B8435001599ED = {
			isa = PBXGroup;
			children = (
				3E11E3AF228B8435001599ED /* PortKi */,
				3E11E3AE228B8435001599ED /* Products */,
				F1BD3AE0E3521354B79503AD /* Pods */,
				3C7B6ABE1A3D000DB8D86BCD /* Frameworks */,
			);
			sourceTree = "<group>";
		};
		3E11E3AE228B8435001599ED /* Products */ = {
			isa = PBXGroup;
			children = (
				3E11E3AD228B8435001599ED /* PortKi.app */,
			);
			name = Products;
			sourceTree = "<group>";
		};
		3E11E3AF228B8435001599ED /* PortKi */ = {
			isa = PBXGroup;
			children = (
				3E11E3B0228B8435001599ED /* AppDelegate.swift */,
				3E89CC7E228B88550067B0F0 /* Constants.swift */,
				3E89CC80228B889E0067B0F0 /* Element.swift */,
				3E89CC82228B88CC0067B0F0 /* Elements.swift */,
				3EA68356228C622900990E61 /* TextBlock.swift */,
				3E11E3B2228B8435001599ED /* ScreenListViewController.swift */,
				3E279AC9229472BA000A20E0 /* ScreenDesignViewController.swift */,
				3E89CC8E228B9F460067B0F0 /* ScreenTableDesignViewController.swift */,
				3E89CC92228C4BCD0067B0F0 /* ScreenDesignCellDelegates.swift */,
				3E89CC84228B995A0067B0F0 /* HomeTableViewCell.swift */,
				3E89CC86228B99740067B0F0 /* ButtonTableViewCell.swift */,
				3E89CC88228B99940067B0F0 /* PageTableViewCell.swift */,
				3E89CC96228C4D210067B0F0 /* AlignmentTableViewCell.swift */,
				3E89CC98228C4D410067B0F0 /* FontTableViewCell.swift */,
				3E89CC9A228C50B50067B0F0 /* SizeTableViewCell.swift */,
				3E89CC9C228C50F30067B0F0 /* ColorTableViewCell.swift */,
				3EA68358228C631900990E61 /* FontListViewController.swift */,
				3E89CC9E228C511A0067B0F0 /* CheckmarkTableViewCell.swift */,
				3E89CC8A228B99DA0067B0F0 /* PlusAndDisclosureDelegate.swift */,
				3E89CC94228C4C660067B0F0 /* ToggleButton.swift */,
				3E185C672293533800A5FB7E /* UIColor+toHex+initHex.swift */,
				3E3CF42A22949D4900ACD87B /* UIFont+helpers.swift */,
				3E89CC8C228B9DEB0067B0F0 /* UIImage+toData.swift */,
				3E89CC90228BA0D90067B0F0 /* UIViewController+DialogsAndAlerts.swift */,
				3E4E3A80229342AE0078DB45 /* UITextField+Characters.swift */,
				3E4E3A82229345D60078DB45 /* UITextField+limitLength.swift */,
				3E3CF42822949CF300ACD87B /* UITextField+adjustHeight.swift */,
				3E11E3B4228B8435001599ED /* Main.storyboard */,
				3E11E3B7228B8436001599ED /* Assets.xcassets */,
				3E11E3B9228B8436001599ED /* LaunchScreen.storyboard */,
				3E11E3BC228B8436001599ED /* Info.plist */,
				3E89CC7C228B86D40067B0F0 /* GoogleService-Info.plist */,
			);
			path = PortKi;
			sourceTree = "<group>";
		};
		F1BD3AE0E3521354B79503AD /* Pods */ = {
			isa = PBXGroup;
			children = (
				9040600BCE3DAF2A17503CB2 /* Pods-PortKi.debug.xcconfig */,
				5A8498B4B9D682510E672921 /* Pods-PortKi.release.xcconfig */,
			);
			name = Pods;
			sourceTree = "<group>";
		};
/* End PBXGroup section */

/* Begin PBXNativeTarget section */
		3E11E3AC228B8435001599ED /* PortKi */ = {
			isa = PBXNativeTarget;
			buildConfigurationList = 3E11E3BF228B8436001599ED /* Build configuration list for PBXNativeTarget "PortKi" */;
			buildPhases = (
				C1F0BB2D799623D7CABB025B /* [CP] Check Pods Manifest.lock */,
				3E11E3A9228B8435001599ED /* Sources */,
				3E11E3AA228B8435001599ED /* Frameworks */,
				3E11E3AB228B8435001599ED /* Resources */,
				28BA18850B7478B8211DC9DD /* [CP] Embed Pods Frameworks */,
				84108D98A0DA512987EF5ED7 /* [CP] Copy Pods Resources */,
			);
			buildRules = (
			);
			dependencies = (
			);
			name = PortKi;
			productName = PortKi;
			productReference = 3E11E3AD228B8435001599ED /* PortKi.app */;
			productType = "com.apple.product-type.application";
		};
/* End PBXNativeTarget section */

/* Begin PBXProject section */
		3E11E3A5228B8435001599ED /* Project object */ = {
			isa = PBXProject;
			attributes = {
				LastSwiftUpdateCheck = 1020;
				LastUpgradeCheck = 1020;
				ORGANIZATIONNAME = "John Gallaugher";
				TargetAttributes = {
					3E11E3AC228B8435001599ED = {
						CreatedOnToolsVersion = 10.2.1;
					};
				};
			};
			buildConfigurationList = 3E11E3A8228B8435001599ED /* Build configuration list for PBXProject "PortKi" */;
			compatibilityVersion = "Xcode 9.3";
			developmentRegion = en;
			hasScannedForEncodings = 0;
			knownRegions = (
				en,
				Base,
			);
			mainGroup = 3E11E3A4228B8435001599ED;
			productRefGroup = 3E11E3AE228B8435001599ED /* Products */;
			projectDirPath = "";
			projectRoot = "";
			targets = (
				3E11E3AC228B8435001599ED /* PortKi */,
			);
		};
/* End PBXProject section */

/* Begin PBXResourcesBuildPhase section */
		3E11E3AB228B8435001599ED /* Resources */ = {
			isa = PBXResourcesBuildPhase;
			buildActionMask = 2147483647;
			files = (
				3E11E3BB228B8436001599ED /* LaunchScreen.storyboard in Resources */,
				3E89CC7D228B86D40067B0F0 /* GoogleService-Info.plist in Resources */,
				3E11E3B8228B8436001599ED /* Assets.xcassets in Resources */,
				3E11E3B6228B8435001599ED /* Main.storyboard in Resources */,
			);
			runOnlyForDeploymentPostprocessing = 0;
		};
/* End PBXResourcesBuildPhase section */

/* Begin PBXShellScriptBuildPhase section */
		28BA18850B7478B8211DC9DD /* [CP] Embed Pods Frameworks */ = {
			isa = PBXShellScriptBuildPhase;
			buildActionMask = 2147483647;
			files = (
			);
			inputFileListPaths = (
			);
			inputPaths = (
				"${SRCROOT}/Pods/Target Support Files/Pods-PortKi/Pods-PortKi-frameworks.sh",
				"${BUILT_PRODUCTS_DIR}/BoringSSL-GRPC/openssl_grpc.framework",
				"${BUILT_PRODUCTS_DIR}/ColorSlider/ColorSlider.framework",
				"${BUILT_PRODUCTS_DIR}/CropViewController/CropViewController.framework",
				"${BUILT_PRODUCTS_DIR}/GTMSessionFetcher/GTMSessionFetcher.framework",
				"${BUILT_PRODUCTS_DIR}/GoogleToolboxForMac/GoogleToolboxForMac.framework",
				"${BUILT_PRODUCTS_DIR}/GoogleUtilities/GoogleUtilities.framework",
				"${BUILT_PRODUCTS_DIR}/Protobuf/Protobuf.framework",
				"${BUILT_PRODUCTS_DIR}/SDWebImage/SDWebImage.framework",
				"${BUILT_PRODUCTS_DIR}/gRPC-C++/grpcpp.framework",
				"${BUILT_PRODUCTS_DIR}/gRPC-Core/grpc.framework",
				"${BUILT_PRODUCTS_DIR}/leveldb-library/leveldb.framework",
				"${BUILT_PRODUCTS_DIR}/nanopb/nanopb.framework",
			);
			name = "[CP] Embed Pods Frameworks";
			outputFileListPaths = (
			);
			outputPaths = (
				"${TARGET_BUILD_DIR}/${FRAMEWORKS_FOLDER_PATH}/openssl_grpc.framework",
				"${TARGET_BUILD_DIR}/${FRAMEWORKS_FOLDER_PATH}/ColorSlider.framework",
				"${TARGET_BUILD_DIR}/${FRAMEWORKS_FOLDER_PATH}/CropViewController.framework",
				"${TARGET_BUILD_DIR}/${FRAMEWORKS_FOLDER_PATH}/GTMSessionFetcher.framework",
				"${TARGET_BUILD_DIR}/${FRAMEWORKS_FOLDER_PATH}/GoogleToolboxForMac.framework",
				"${TARGET_BUILD_DIR}/${FRAMEWORKS_FOLDER_PATH}/GoogleUtilities.framework",
				"${TARGET_BUILD_DIR}/${FRAMEWORKS_FOLDER_PATH}/Protobuf.framework",
				"${TARGET_BUILD_DIR}/${FRAMEWORKS_FOLDER_PATH}/SDWebImage.framework",
				"${TARGET_BUILD_DIR}/${FRAMEWORKS_FOLDER_PATH}/grpcpp.framework",
				"${TARGET_BUILD_DIR}/${FRAMEWORKS_FOLDER_PATH}/grpc.framework",
				"${TARGET_BUILD_DIR}/${FRAMEWORKS_FOLDER_PATH}/leveldb.framework",
				"${TARGET_BUILD_DIR}/${FRAMEWORKS_FOLDER_PATH}/nanopb.framework",
			);
			runOnlyForDeploymentPostprocessing = 0;
			shellPath = /bin/sh;
			shellScript = "\"${SRCROOT}/Pods/Target Support Files/Pods-PortKi/Pods-PortKi-frameworks.sh\"\n";
			showEnvVarsInLog = 0;
		};
		84108D98A0DA512987EF5ED7 /* [CP] Copy Pods Resources */ = {
			isa = PBXShellScriptBuildPhase;
			buildActionMask = 2147483647;
			files = (
			);
			inputFileListPaths = (
			);
			inputPaths = (
				"${SRCROOT}/Pods/Target Support Files/Pods-PortKi/Pods-PortKi-resources.sh",
				"${PODS_CONFIGURATION_BUILD_DIR}/FirebaseUI/FirebaseAuthUI.bundle",
				"${PODS_CONFIGURATION_BUILD_DIR}/FirebaseUI/FirebaseGoogleAuthUI.bundle",
				"${PODS_ROOT}/GoogleSignIn/Resources/GoogleSignIn.bundle",
			);
			name = "[CP] Copy Pods Resources";
			outputFileListPaths = (
			);
			outputPaths = (
				"${TARGET_BUILD_DIR}/${UNLOCALIZED_RESOURCES_FOLDER_PATH}/FirebaseAuthUI.bundle",
				"${TARGET_BUILD_DIR}/${UNLOCALIZED_RESOURCES_FOLDER_PATH}/FirebaseGoogleAuthUI.bundle",
				"${TARGET_BUILD_DIR}/${UNLOCALIZED_RESOURCES_FOLDER_PATH}/GoogleSignIn.bundle",
			);
			runOnlyForDeploymentPostprocessing = 0;
			shellPath = /bin/sh;
			shellScript = "\"${SRCROOT}/Pods/Target Support Files/Pods-PortKi/Pods-PortKi-resources.sh\"\n";
			showEnvVarsInLog = 0;
		};
		C1F0BB2D799623D7CABB025B /* [CP] Check Pods Manifest.lock */ = {
			isa = PBXShellScriptBuildPhase;
			buildActionMask = 2147483647;
			files = (
			);
			inputFileListPaths = (
			);
			inputPaths = (
				"${PODS_PODFILE_DIR_PATH}/Podfile.lock",
				"${PODS_ROOT}/Manifest.lock",
			);
			name = "[CP] Check Pods Manifest.lock";
			outputFileListPaths = (
			);
			outputPaths = (
				"$(DERIVED_FILE_DIR)/Pods-PortKi-checkManifestLockResult.txt",
			);
			runOnlyForDeploymentPostprocessing = 0;
			shellPath = /bin/sh;
			shellScript = "diff \"${PODS_PODFILE_DIR_PATH}/Podfile.lock\" \"${PODS_ROOT}/Manifest.lock\" > /dev/null\nif [ $? != 0 ] ; then\n    # print error to STDERR\n    echo \"error: The sandbox is not in sync with the Podfile.lock. Run 'pod install' or update your CocoaPods installation.\" >&2\n    exit 1\nfi\n# This output is used by Xcode 'outputs' to avoid re-running this script phase.\necho \"SUCCESS\" > \"${SCRIPT_OUTPUT_FILE_0}\"\n";
			showEnvVarsInLog = 0;
		};
/* End PBXShellScriptBuildPhase section */

/* Begin PBXSourcesBuildPhase section */
		3E11E3A9228B8435001599ED /* Sources */ = {
			isa = PBXSourcesBuildPhase;
			buildActionMask = 2147483647;
			files = (
				3E89CC9F228C511A0067B0F0 /* CheckmarkTableViewCell.swift in Sources */,
				3E89CC85228B995A0067B0F0 /* HomeTableViewCell.swift in Sources */,
				3E279ACA229472BA000A20E0 /* ScreenDesignViewController.swift in Sources */,
				3EA68357228C622900990E61 /* TextBlock.swift in Sources */,
				3E11E3B3228B8435001599ED /* ScreenListViewController.swift in Sources */,
				3E89CC89228B99940067B0F0 /* PageTableViewCell.swift in Sources */,
				3E4E3A81229342AE0078DB45 /* UITextField+Characters.swift in Sources */,
				3E11E3B1228B8435001599ED /* AppDelegate.swift in Sources */,
				3E89CC81228B889E0067B0F0 /* Element.swift in Sources */,
				3E3CF42B22949D4900ACD87B /* UIFont+helpers.swift in Sources */,
				3E4E3A83229345D60078DB45 /* UITextField+limitLength.swift in Sources */,
				3E89CC9D228C50F30067B0F0 /* ColorTableViewCell.swift in Sources */,
				3E185C682293533800A5FB7E /* UIColor+toHex+initHex.swift in Sources */,
				3E89CC7F228B88550067B0F0 /* Constants.swift in Sources */,
				3E89CC97228C4D210067B0F0 /* AlignmentTableViewCell.swift in Sources */,
				3E89CC93228C4BCD0067B0F0 /* ScreenDesignCellDelegates.swift in Sources */,
				3E89CC95228C4C660067B0F0 /* ToggleButton.swift in Sources */,
				3E89CC9B228C50B50067B0F0 /* SizeTableViewCell.swift in Sources */,
				3E89CC8B228B99DA0067B0F0 /* PlusAndDisclosureDelegate.swift in Sources */,
				3E89CC87228B99740067B0F0 /* ButtonTableViewCell.swift in Sources */,
				3E89CC8F228B9F460067B0F0 /* ScreenTableDesignViewController.swift in Sources */,
				3E89CC99228C4D410067B0F0 /* FontTableViewCell.swift in Sources */,
				3E89CC8D228B9DEB0067B0F0 /* UIImage+toData.swift in Sources */,
				3E89CC83228B88CC0067B0F0 /* Elements.swift in Sources */,
				3E3CF42922949CF300ACD87B /* UITextField+adjustHeight.swift in Sources */,
				3EA68359228C631900990E61 /* FontListViewController.swift in Sources */,
				3E89CC91228BA0D90067B0F0 /* UIViewController+DialogsAndAlerts.swift in Sources */,
			);
			runOnlyForDeploymentPostprocessing = 0;
		};
/* End PBXSourcesBuildPhase section */

/* Begin PBXVariantGroup section */
		3E11E3B4228B8435001599ED /* Main.storyboard */ = {
			isa = PBXVariantGroup;
			children = (
				3E11E3B5228B8435001599ED /* Base */,
			);
			name = Main.storyboard;
			sourceTree = "<group>";
		};
		3E11E3B9228B8436001599ED /* LaunchScreen.storyboard */ = {
			isa = PBXVariantGroup;
			children = (
				3E11E3BA228B8436001599ED /* Base */,
			);
			name = LaunchScreen.storyboard;
			sourceTree = "<group>";
		};
/* End PBXVariantGroup section */

/* Begin XCBuildConfiguration section */
		3E11E3BD228B8436001599ED /* Debug */ = {
			isa = XCBuildConfiguration;
			buildSettings = {
				ALWAYS_SEARCH_USER_PATHS = NO;
				CLANG_ANALYZER_NONNULL = YES;
				CLANG_ANALYZER_NUMBER_OBJECT_CONVERSION = YES_AGGRESSIVE;
				CLANG_CXX_LANGUAGE_STANDARD = "gnu++14";
				CLANG_CXX_LIBRARY = "libc++";
				CLANG_ENABLE_MODULES = YES;
				CLANG_ENABLE_OBJC_ARC = YES;
				CLANG_ENABLE_OBJC_WEAK = YES;
				CLANG_WARN_BLOCK_CAPTURE_AUTORELEASING = YES;
				CLANG_WARN_BOOL_CONVERSION = YES;
				CLANG_WARN_COMMA = YES;
				CLANG_WARN_CONSTANT_CONVERSION = YES;
				CLANG_WARN_DEPRECATED_OBJC_IMPLEMENTATIONS = YES;
				CLANG_WARN_DIRECT_OBJC_ISA_USAGE = YES_ERROR;
				CLANG_WARN_DOCUMENTATION_COMMENTS = YES;
				CLANG_WARN_EMPTY_BODY = YES;
				CLANG_WARN_ENUM_CONVERSION = YES;
				CLANG_WARN_INFINITE_RECURSION = YES;
				CLANG_WARN_INT_CONVERSION = YES;
				CLANG_WARN_NON_LITERAL_NULL_CONVERSION = YES;
				CLANG_WARN_OBJC_IMPLICIT_RETAIN_SELF = YES;
				CLANG_WARN_OBJC_LITERAL_CONVERSION = YES;
				CLANG_WARN_OBJC_ROOT_CLASS = YES_ERROR;
				CLANG_WARN_RANGE_LOOP_ANALYSIS = YES;
				CLANG_WARN_STRICT_PROTOTYPES = YES;
				CLANG_WARN_SUSPICIOUS_MOVE = YES;
				CLANG_WARN_UNGUARDED_AVAILABILITY = YES_AGGRESSIVE;
				CLANG_WARN_UNREACHABLE_CODE = YES;
				CLANG_WARN__DUPLICATE_METHOD_MATCH = YES;
				CODE_SIGN_IDENTITY = "iPhone Developer";
				COPY_PHASE_STRIP = NO;
				DEBUG_INFORMATION_FORMAT = dwarf;
				ENABLE_STRICT_OBJC_MSGSEND = YES;
				ENABLE_TESTABILITY = YES;
				GCC_C_LANGUAGE_STANDARD = gnu11;
				GCC_DYNAMIC_NO_PIC = NO;
				GCC_NO_COMMON_BLOCKS = YES;
				GCC_OPTIMIZATION_LEVEL = 0;
				GCC_PREPROCESSOR_DEFINITIONS = (
					"DEBUG=1",
					"$(inherited)",
				);
				GCC_WARN_64_TO_32_BIT_CONVERSION = YES;
				GCC_WARN_ABOUT_RETURN_TYPE = YES_ERROR;
				GCC_WARN_UNDECLARED_SELECTOR = YES;
				GCC_WARN_UNINITIALIZED_AUTOS = YES_AGGRESSIVE;
				GCC_WARN_UNUSED_FUNCTION = YES;
				GCC_WARN_UNUSED_VARIABLE = YES;
				IPHONEOS_DEPLOYMENT_TARGET = 12.2;
				MTL_ENABLE_DEBUG_INFO = INCLUDE_SOURCE;
				MTL_FAST_MATH = YES;
				ONLY_ACTIVE_ARCH = YES;
				SDKROOT = iphoneos;
				SWIFT_ACTIVE_COMPILATION_CONDITIONS = DEBUG;
				SWIFT_OPTIMIZATION_LEVEL = "-Onone";
			};
			name = Debug;
		};
		3E11E3BE228B8436001599ED /* Release */ = {
			isa = XCBuildConfiguration;
			buildSettings = {
				ALWAYS_SEARCH_USER_PATHS = NO;
				CLANG_ANALYZER_NONNULL = YES;
				CLANG_ANALYZER_NUMBER_OBJECT_CONVERSION = YES_AGGRESSIVE;
				CLANG_CXX_LANGUAGE_STANDARD = "gnu++14";
				CLANG_CXX_LIBRARY = "libc++";
				CLANG_ENABLE_MODULES = YES;
				CLANG_ENABLE_OBJC_ARC = YES;
				CLANG_ENABLE_OBJC_WEAK = YES;
				CLANG_WARN_BLOCK_CAPTURE_AUTORELEASING = YES;
				CLANG_WARN_BOOL_CONVERSION = YES;
				CLANG_WARN_COMMA = YES;
				CLANG_WARN_CONSTANT_CONVERSION = YES;
				CLANG_WARN_DEPRECATED_OBJC_IMPLEMENTATIONS = YES;
				CLANG_WARN_DIRECT_OBJC_ISA_USAGE = YES_ERROR;
				CLANG_WARN_DOCUMENTATION_COMMENTS = YES;
				CLANG_WARN_EMPTY_BODY = YES;
				CLANG_WARN_ENUM_CONVERSION = YES;
				CLANG_WARN_INFINITE_RECURSION = YES;
				CLANG_WARN_INT_CONVERSION = YES;
				CLANG_WARN_NON_LITERAL_NULL_CONVERSION = YES;
				CLANG_WARN_OBJC_IMPLICIT_RETAIN_SELF = YES;
				CLANG_WARN_OBJC_LITERAL_CONVERSION = YES;
				CLANG_WARN_OBJC_ROOT_CLASS = YES_ERROR;
				CLANG_WARN_RANGE_LOOP_ANALYSIS = YES;
				CLANG_WARN_STRICT_PROTOTYPES = YES;
				CLANG_WARN_SUSPICIOUS_MOVE = YES;
				CLANG_WARN_UNGUARDED_AVAILABILITY = YES_AGGRESSIVE;
				CLANG_WARN_UNREACHABLE_CODE = YES;
				CLANG_WARN__DUPLICATE_METHOD_MATCH = YES;
				CODE_SIGN_IDENTITY = "iPhone Developer";
				COPY_PHASE_STRIP = NO;
				DEBUG_INFORMATION_FORMAT = "dwarf-with-dsym";
				ENABLE_NS_ASSERTIONS = NO;
				ENABLE_STRICT_OBJC_MSGSEND = YES;
				GCC_C_LANGUAGE_STANDARD = gnu11;
				GCC_NO_COMMON_BLOCKS = YES;
				GCC_WARN_64_TO_32_BIT_CONVERSION = YES;
				GCC_WARN_ABOUT_RETURN_TYPE = YES_ERROR;
				GCC_WARN_UNDECLARED_SELECTOR = YES;
				GCC_WARN_UNINITIALIZED_AUTOS = YES_AGGRESSIVE;
				GCC_WARN_UNUSED_FUNCTION = YES;
				GCC_WARN_UNUSED_VARIABLE = YES;
				IPHONEOS_DEPLOYMENT_TARGET = 12.2;
				MTL_ENABLE_DEBUG_INFO = NO;
				MTL_FAST_MATH = YES;
				SDKROOT = iphoneos;
				SWIFT_COMPILATION_MODE = wholemodule;
				SWIFT_OPTIMIZATION_LEVEL = "-O";
				VALIDATE_PRODUCT = YES;
			};
			name = Release;
		};
		3E11E3C0228B8436001599ED /* Debug */ = {
			isa = XCBuildConfiguration;
			baseConfigurationReference = 9040600BCE3DAF2A17503CB2 /* Pods-PortKi.debug.xcconfig */;
			buildSettings = {
				ASSETCATALOG_COMPILER_APPICON_NAME = AppIcon;
				CODE_SIGN_STYLE = Automatic;
				DEVELOPMENT_TEAM = 9937BJYLPH;
				INFOPLIST_FILE = PortKi/Info.plist;
				LD_RUNPATH_SEARCH_PATHS = (
					"$(inherited)",
					"@executable_path/Frameworks",
				);
				PRODUCT_BUNDLE_IDENTIFIER = com.gallaugher.PortKi;
				PRODUCT_NAME = "$(TARGET_NAME)";
				SWIFT_VERSION = 5.0;
				TARGETED_DEVICE_FAMILY = "1,2";
			};
			name = Debug;
		};
		3E11E3C1228B8436001599ED /* Release */ = {
			isa = XCBuildConfiguration;
			baseConfigurationReference = 5A8498B4B9D682510E672921 /* Pods-PortKi.release.xcconfig */;
			buildSettings = {
				ASSETCATALOG_COMPILER_APPICON_NAME = AppIcon;
				CODE_SIGN_STYLE = Automatic;
				DEVELOPMENT_TEAM = 9937BJYLPH;
				INFOPLIST_FILE = PortKi/Info.plist;
				LD_RUNPATH_SEARCH_PATHS = (
					"$(inherited)",
					"@executable_path/Frameworks",
				);
				PRODUCT_BUNDLE_IDENTIFIER = com.gallaugher.PortKi;
				PRODUCT_NAME = "$(TARGET_NAME)";
				SWIFT_VERSION = 5.0;
				TARGETED_DEVICE_FAMILY = "1,2";
			};
			name = Release;
		};
/* End XCBuildConfiguration section */

/* Begin XCConfigurationList section */
		3E11E3A8228B8435001599ED /* Build configuration list for PBXProject "PortKi" */ = {
			isa = XCConfigurationList;
			buildConfigurations = (
				3E11E3BD228B8436001599ED /* Debug */,
				3E11E3BE228B8436001599ED /* Release */,
			);
			defaultConfigurationIsVisible = 0;
			defaultConfigurationName = Release;
		};
		3E11E3BF228B8436001599ED /* Build configuration list for PBXNativeTarget "PortKi" */ = {
			isa = XCConfigurationList;
			buildConfigurations = (
				3E11E3C0228B8436001599ED /* Debug */,
				3E11E3C1228B8436001599ED /* Release */,
			);
			defaultConfigurationIsVisible = 0;
			defaultConfigurationName = Release;
		};
/* End XCConfigurationList section */
	};
	rootObject = 3E11E3A5228B8435001599ED /* Project object */;
}
